
Microsoft Visual Studio Solution File, Format Version 12.00
# Visual Studio Version 16
VisualStudioVersion = 16.0.29123.88
MinimumVisualStudioVersion = 10.0.40219.1
Project("{FAE04EC0-301F-11D3-BF4B-00C04F79EFBC}") = "Winform Nang Cao", "Winform Nang Cao\Winform Nang Cao.csproj", "{5F61CD28-5F78-48B8-A166-52112150ADE3}"
EndProject
Global
	GlobalSection(SolutionConfigurationPlatforms) = preSolution
		Debug|Any CPU = Debug|Any CPU
		Release|Any CPU = Release|Any CPU
	EndGlobalSection
	GlobalSection(ProjectConfigurationPlatforms) = postSolution
		{5F61CD28-5F78-48B8-A166-52112150ADE3}.Debug|Any CPU.ActiveCfg = Debug|Any CPU
		{5F61CD28-5F78-48B8-A166-52112150ADE3}.Debug|Any CPU.Build.0 = Debug|Any CPU
		{5F61CD28-5F78-48B8-A166-52112150ADE3}.Release|Any CPU.ActiveCfg = Release|Any CPU
		{5F61CD28-5F78-48B8-A166-52112150ADE3}.Release|Any CPU.Build.0 = Release|Any CPU
	EndGlobalSection
	GlobalSection(SolutionProperties) = preSolution
		HideSolutionNode = FALSE
	EndGlobalSection
	GlobalSection(ExtensibilityGlobals) = postSolution
		SolutionGuid = {3C9552E6-4C9E-4F92-820B-5378E464AE77}
	EndGlobalSection
EndGlobal
