
Microsoft Visual Studio Solution File, Format Version 12.00
# Visual Studio Version 16
VisualStudioVersion = 16.0.29123.88
MinimumVisualStudioVersion = 10.0.40219.1
Project("{FAE04EC0-301F-11D3-BF4B-00C04F79EFBC}") = "Ngay2", "Ngay2\Ngay2.csproj", "{AC3851B0-1670-411E-98D2-A20D296B0B77}"
EndProject
Global
	GlobalSection(SolutionConfigurationPlatforms) = preSolution
		Debug|Any CPU = Debug|Any CPU
		Release|Any CPU = Release|Any CPU
	EndGlobalSection
	GlobalSection(ProjectConfigurationPlatforms) = postSolution
		{AC3851B0-1670-411E-98D2-A20D296B0B77}.Debug|Any CPU.ActiveCfg = Debug|Any CPU
		{AC3851B0-1670-411E-98D2-A20D296B0B77}.Debug|Any CPU.Build.0 = Debug|Any CPU
		{AC3851B0-1670-411E-98D2-A20D296B0B77}.Release|Any CPU.ActiveCfg = Release|Any CPU
		{AC3851B0-1670-411E-98D2-A20D296B0B77}.Release|Any CPU.Build.0 = Release|Any CPU
	EndGlobalSection
	GlobalSection(SolutionProperties) = preSolution
		HideSolutionNode = FALSE
	EndGlobalSection
	GlobalSection(ExtensibilityGlobals) = postSolution
		SolutionGuid = {9B2688F8-533B-4F93-A248-13F3C31C717B}
	EndGlobalSection
EndGlobal
